
Microsoft Visual Studio Solution File, Format Version 12.00
# Visual Studio 15
VisualStudioVersion = 15.0.28307.102
MinimumVisualStudioVersion = 10.0.40219.1
Project("{FAE04EC0-301F-11D3-BF4B-00C04F79EFBC}") = "ShopBridgeBackendApi", "ShopBridgeBackendApi\ShopBridgeBackendApi.csproj", "{45A37A0A-90FE-4D5B-98BF-F983565589A8}"
EndProject
Global
	GlobalSection(SolutionConfigurationPlatforms) = preSolution
		Debug|Any CPU = Debug|Any CPU
		Release|Any CPU = Release|Any CPU
	EndGlobalSection
	GlobalSection(ProjectConfigurationPlatforms) = postSolution
		{45A37A0A-90FE-4D5B-98BF-F983565589A8}.Debug|Any CPU.ActiveCfg = Debug|Any CPU
		{45A37A0A-90FE-4D5B-98BF-F983565589A8}.Debug|Any CPU.Build.0 = Debug|Any CPU
		{45A37A0A-90FE-4D5B-98BF-F983565589A8}.Release|Any CPU.ActiveCfg = Release|Any CPU
		{45A37A0A-90FE-4D5B-98BF-F983565589A8}.Release|Any CPU.Build.0 = Release|Any CPU
	EndGlobalSection
	GlobalSection(SolutionProperties) = preSolution
		HideSolutionNode = FALSE
	EndGlobalSection
	GlobalSection(ExtensibilityGlobals) = postSolution
		SolutionGuid = {5A3566EC-6833-496F-A978-83CFFF8667D1}
	EndGlobalSection
EndGlobal
